{
  "name": "npm-shrinkwrap-path-issue",
  "dependencies": {
    "subpackage-1": {
      "version": "1.0.0",
      "from": "subpackage-1",
      "resolved": "file:subpackage-1",
      "dependencies": {
        "subpackage-2": {
          "version": "1.0.0",
          "from": "subpackage-2",
          "resolved": "file:subpackage-2"
        }
      }
    }
  }
}
